
Microsoft Visual Studio Solution File, Format Version 12.00
# Visual Studio 15
VisualStudioVersion = 15.0.28307.329
MinimumVisualStudioVersion = 10.0.40219.1
Project("{FAE04EC0-301F-11D3-BF4B-00C04F79EFBC}") = "Github", "Github\Github.csproj", "{D4343B3C-9C7F-431A-B8F1-3749074A0A71}"
EndProject
Global
	GlobalSection(SolutionConfigurationPlatforms) = preSolution
		Debug|Any CPU = Debug|Any CPU
		Release|Any CPU = Release|Any CPU
	EndGlobalSection
	GlobalSection(ProjectConfigurationPlatforms) = postSolution
		{D4343B3C-9C7F-431A-B8F1-3749074A0A71}.Debug|Any CPU.ActiveCfg = Debug|Any CPU
		{D4343B3C-9C7F-431A-B8F1-3749074A0A71}.Debug|Any CPU.Build.0 = Debug|Any CPU
		{D4343B3C-9C7F-431A-B8F1-3749074A0A71}.Release|Any CPU.ActiveCfg = Release|Any CPU
		{D4343B3C-9C7F-431A-B8F1-3749074A0A71}.Release|Any CPU.Build.0 = Release|Any CPU
	EndGlobalSection
	GlobalSection(SolutionProperties) = preSolution
		HideSolutionNode = FALSE
	EndGlobalSection
	GlobalSection(ExtensibilityGlobals) = postSolution
		SolutionGuid = {ACD8E22C-3E3D-4F99-B2DD-F03960835D96}
	EndGlobalSection
EndGlobal
